// !$*UTF8*$!
{
	archiveVersion = 1;
	classes = {
	};
	objectVersion = 55;
	objects = {

/* Begin PBXBuildFile section */
		31E15F72C4CAE666DC59E352 /* Pods_App.framework in Frameworks */ = {isa = PBXBuildFile; fileRef = 0513803DA10C4C5BF491A86B /* Pods_App.framework */; };
		F3B4642A2723194100DF4DB3 /* AppDelegate.m in Sources */ = {isa = PBXBuildFile; fileRef = F3B464292723194100DF4DB3 /* AppDelegate.m */; };
		F3B4642D2723194100DF4DB3 /* SceneDelegate.m in Sources */ = {isa = PBXBuildFile; fileRef = F3B4642C2723194100DF4DB3 /* SceneDelegate.m */; };
		F3B464302723194100DF4DB3 /* ViewController.m in Sources */ = {isa = PBXBuildFile; fileRef = F3B4642F2723194100DF4DB3 /* ViewController.m */; };
		F3B464332723194100DF4DB3 /* Main.storyboard in Resources */ = {isa = PBXBuildFile; fileRef = F3B464312723194100DF4DB3 /* Main.storyboard */; };
		F3B464352723194300DF4DB3 /* Assets.xcassets in Resources */ = {isa = PBXBuildFile; fileRef = F3B464342723194300DF4DB3 /* Assets.xcassets */; };
		F3B464382723194300DF4DB3 /* LaunchScreen.storyboard in Resources */ = {isa = PBXBuildFile; fileRef = F3B464362723194300DF4DB3 /* LaunchScreen.storyboard */; };
		F3B4643B2723194300DF4DB3 /* main.m in Sources */ = {isa = PBXBuildFile; fileRef = F3B4643A2723194300DF4DB3 /* main.m */; };
		F3B4644F2724637100DF4DB3 /* NotificationService.m in Sources */ = {isa = PBXBuildFile; fileRef = F3B4644E2724637100DF4DB3 /* NotificationService.m */; };
		F3B464532724637100DF4DB3 /* AppNotificationServiceExtension.appex in Embed App Extensions */ = {isa = PBXBuildFile; fileRef = F3B4644B2724637100DF4DB3 /* AppNotificationServiceExtension.appex */; settings = {ATTRIBUTES = (RemoveHeadersOnCopy, ); }; };
		F3C4D34227246BC300C3BDB5 /* SwiftTest.swift in Sources */ = {isa = PBXBuildFile; fileRef = F3C4D34127246BC300C3BDB5 /* SwiftTest.swift */; };
/* End PBXBuildFile section */

/* Begin PBXContainerItemProxy section */
		F3B464512724637100DF4DB3 /* PBXContainerItemProxy */ = {
			isa = PBXContainerItemProxy;
			containerPortal = F3B4641D2723194100DF4DB3 /* Project object */;
			proxyType = 1;
			remoteGlobalIDString = F3B4644A2724637100DF4DB3;
			remoteInfo = AppNotificationServiceExtension;
		};
/* End PBXContainerItemProxy section */

/* Begin PBXCopyFilesBuildPhase section */
		F3B464542724637100DF4DB3 /* Embed App Extensions */ = {
			isa = PBXCopyFilesBuildPhase;
			buildActionMask = 2147483647;
			dstPath = "";
			dstSubfolderSpec = 13;
			files = (
				F3B464532724637100DF4DB3 /* AppNotificationServiceExtension.appex in Embed App Extensions */,
			);
			name = "Embed App Extensions";
			runOnlyForDeploymentPostprocessing = 0;
		};
/* End PBXCopyFilesBuildPhase section */

/* Begin PBXFileReference section */
		040E0F4CB1C61C964E980BC2 /* Pods-App.debug.xcconfig */ = {isa = PBXFileReference; includeInIndex = 1; lastKnownFileType = text.xcconfig; name = "Pods-App.debug.xcconfig"; path = "Target Support Files/Pods-App/Pods-App.debug.xcconfig"; sourceTree = "<group>"; };
		0513803DA10C4C5BF491A86B /* Pods_App.framework */ = {isa = PBXFileReference; explicitFileType = wrapper.framework; includeInIndex = 0; path = Pods_App.framework; sourceTree = BUILT_PRODUCTS_DIR; };
		2CF74204641600161316D6FA /* Pods-App.release.xcconfig */ = {isa = PBXFileReference; includeInIndex = 1; lastKnownFileType = text.xcconfig; name = "Pods-App.release.xcconfig"; path = "Target Support Files/Pods-App/Pods-App.release.xcconfig"; sourceTree = "<group>"; };
		F3B464252723194100DF4DB3 /* App.app */ = {isa = PBXFileReference; explicitFileType = wrapper.application; includeInIndex = 0; path = App.app; sourceTree = BUILT_PRODUCTS_DIR; };
		F3B464282723194100DF4DB3 /* AppDelegate.h */ = {isa = PBXFileReference; lastKnownFileType = sourcecode.c.h; path = AppDelegate.h; sourceTree = "<group>"; };
		F3B464292723194100DF4DB3 /* AppDelegate.m */ = {isa = PBXFileReference; lastKnownFileType = sourcecode.c.objc; path = AppDelegate.m; sourceTree = "<group>"; };
		F3B4642B2723194100DF4DB3 /* SceneDelegate.h */ = {isa = PBXFileReference; lastKnownFileType = sourcecode.c.h; path = SceneDelegate.h; sourceTree = "<group>"; };
		F3B4642C2723194100DF4DB3 /* SceneDelegate.m */ = {isa = PBXFileReference; lastKnownFileType = sourcecode.c.objc; path = SceneDelegate.m; sourceTree = "<group>"; };
		F3B4642E2723194100DF4DB3 /* ViewController.h */ = {isa = PBXFileReference; lastKnownFileType = sourcecode.c.h; path = ViewController.h; sourceTree = "<group>"; };
		F3B4642F2723194100DF4DB3 /* ViewController.m */ = {isa = PBXFileReference; lastKnownFileType = sourcecode.c.objc; path = ViewController.m; sourceTree = "<group>"; };
		F3B464322723194100DF4DB3 /* Base */ = {isa = PBXFileReference; lastKnownFileType = file.storyboard; name = Base; path = Base.lproj/Main.storyboard; sourceTree = "<group>"; };
		F3B464342723194300DF4DB3 /* Assets.xcassets */ = {isa = PBXFileReference; lastKnownFileType = folder.assetcatalog; path = Assets.xcassets; sourceTree = "<group>"; };
		F3B464372723194300DF4DB3 /* Base */ = {isa = PBXFileReference; lastKnownFileType = file.storyboard; name = Base; path = Base.lproj/LaunchScreen.storyboard; sourceTree = "<group>"; };
		F3B464392723194300DF4DB3 /* Info.plist */ = {isa = PBXFileReference; lastKnownFileType = text.plist.xml; path = Info.plist; sourceTree = "<group>"; };
		F3B4643A2723194300DF4DB3 /* main.m */ = {isa = PBXFileReference; lastKnownFileType = sourcecode.c.objc; path = main.m; sourceTree = "<group>"; };
		F3B4644B2724637100DF4DB3 /* AppNotificationServiceExtension.appex */ = {isa = PBXFileReference; explicitFileType = "wrapper.app-extension"; includeInIndex = 0; path = AppNotificationServiceExtension.appex; sourceTree = BUILT_PRODUCTS_DIR; };
		F3B4644D2724637100DF4DB3 /* NotificationService.h */ = {isa = PBXFileReference; lastKnownFileType = sourcecode.c.h; path = NotificationService.h; sourceTree = "<group>"; };
		F3B4644E2724637100DF4DB3 /* NotificationService.m */ = {isa = PBXFileReference; lastKnownFileType = sourcecode.c.objc; path = NotificationService.m; sourceTree = "<group>"; };
		F3B464502724637100DF4DB3 /* Info.plist */ = {isa = PBXFileReference; lastKnownFileType = text.plist.xml; path = Info.plist; sourceTree = "<group>"; };
		F3C4D34027246BC200C3BDB5 /* App-Bridging-Header.h */ = {isa = PBXFileReference; lastKnownFileType = sourcecode.c.h; path = "App-Bridging-Header.h"; sourceTree = "<group>"; };
		F3C4D34127246BC300C3BDB5 /* SwiftTest.swift */ = {isa = PBXFileReference; lastKnownFileType = sourcecode.swift; path = SwiftTest.swift; sourceTree = "<group>"; };
/* End PBXFileReference section */

/* Begin PBXFrameworksBuildPhase section */
		F3B464222723194100DF4DB3 /* Frameworks */ = {
			isa = PBXFrameworksBuildPhase;
			buildActionMask = 2147483647;
			files = (
				31E15F72C4CAE666DC59E352 /* Pods_App.framework in Frameworks */,
			);
			runOnlyForDeploymentPostprocessing = 0;
		};
		F3B464482724637100DF4DB3 /* Frameworks */ = {
			isa = PBXFrameworksBuildPhase;
			buildActionMask = 2147483647;
			files = (
			);
			runOnlyForDeploymentPostprocessing = 0;
		};
/* End PBXFrameworksBuildPhase section */

/* Begin PBXGroup section */
		2E70D336DAC2F80AAA3514BA /* Frameworks */ = {
			isa = PBXGroup;
			children = (
				0513803DA10C4C5BF491A86B /* Pods_App.framework */,
			);
			name = Frameworks;
			sourceTree = "<group>";
		};
		C16309AB59A06E87C2C9545B /* Pods */ = {
			isa = PBXGroup;
			children = (
				040E0F4CB1C61C964E980BC2 /* Pods-App.debug.xcconfig */,
				2CF74204641600161316D6FA /* Pods-App.release.xcconfig */,
			);
			path = Pods;
			sourceTree = "<group>";
		};
		F3B4641C2723194100DF4DB3 = {
			isa = PBXGroup;
			children = (
				F3B464272723194100DF4DB3 /* App */,
				F3B4644C2724637100DF4DB3 /* AppNotificationServiceExtension */,
				F3B464262723194100DF4DB3 /* Products */,
				C16309AB59A06E87C2C9545B /* Pods */,
				2E70D336DAC2F80AAA3514BA /* Frameworks */,
			);
			sourceTree = "<group>";
		};
		F3B464262723194100DF4DB3 /* Products */ = {
			isa = PBXGroup;
			children = (
				F3B464252723194100DF4DB3 /* App.app */,
				F3B4644B2724637100DF4DB3 /* AppNotificationServiceExtension.appex */,
			);
			name = Products;
			sourceTree = "<group>";
		};
		F3B464272723194100DF4DB3 /* App */ = {
			isa = PBXGroup;
			children = (
				F3B464282723194100DF4DB3 /* AppDelegate.h */,
				F3C4D34127246BC300C3BDB5 /* SwiftTest.swift */,
				F3B464292723194100DF4DB3 /* AppDelegate.m */,
				F3B4642B2723194100DF4DB3 /* SceneDelegate.h */,
				F3B4642C2723194100DF4DB3 /* SceneDelegate.m */,
				F3B4642E2723194100DF4DB3 /* ViewController.h */,
				F3B4642F2723194100DF4DB3 /* ViewController.m */,
				F3B464312723194100DF4DB3 /* Main.storyboard */,
				F3B464342723194300DF4DB3 /* Assets.xcassets */,
				F3B464362723194300DF4DB3 /* LaunchScreen.storyboard */,
				F3B464392723194300DF4DB3 /* Info.plist */,
				F3B4643A2723194300DF4DB3 /* main.m */,
				F3C4D34027246BC200C3BDB5 /* App-Bridging-Header.h */,
			);
			path = App;
			sourceTree = "<group>";
		};
		F3B4644C2724637100DF4DB3 /* AppNotificationServiceExtension */ = {
			isa = PBXGroup;
			children = (
				F3B4644D2724637100DF4DB3 /* NotificationService.h */,
				F3B4644E2724637100DF4DB3 /* NotificationService.m */,
				F3B464502724637100DF4DB3 /* Info.plist */,
			);
			path = AppNotificationServiceExtension;
			sourceTree = "<group>";
		};
/* End PBXGroup section */

/* Begin PBXNativeTarget section */
		F3B464242723194100DF4DB3 /* App */ = {
			isa = PBXNativeTarget;
			buildConfigurationList = F3B4643E2723194300DF4DB3 /* Build configuration list for PBXNativeTarget "App" */;
			buildPhases = (
				16AEE8F2F09C94C930E142C7 /* [CP] Check Pods Manifest.lock */,
				F3B464212723194100DF4DB3 /* Sources */,
				F3B464222723194100DF4DB3 /* Frameworks */,
				F3B464232723194100DF4DB3 /* Resources */,
				F3B464542724637100DF4DB3 /* Embed App Extensions */,
				3E6E85A0312799400B35AF63 /* [CP] Embed Pods Frameworks */,
			);
			buildRules = (
			);
			dependencies = (
				F3B464522724637100DF4DB3 /* PBXTargetDependency */,
			);
			name = App;
			productName = App;
			productReference = F3B464252723194100DF4DB3 /* App.app */;
			productType = "com.apple.product-type.application";
		};
		F3B4644A2724637100DF4DB3 /* AppNotificationServiceExtension */ = {
			isa = PBXNativeTarget;
			buildConfigurationList = F3B464572724637100DF4DB3 /* Build configuration list for PBXNativeTarget "AppNotificationServiceExtension" */;
			buildPhases = (
				F3B464472724637100DF4DB3 /* Sources */,
				F3B464482724637100DF4DB3 /* Frameworks */,
				F3B464492724637100DF4DB3 /* Resources */,
			);
			buildRules = (
			);
			dependencies = (
			);
			name = AppNotificationServiceExtension;
			productName = AppNotificationServiceExtension;
			productReference = F3B4644B2724637100DF4DB3 /* AppNotificationServiceExtension.appex */;
			productType = "com.apple.product-type.app-extension";
		};
/* End PBXNativeTarget section */

/* Begin PBXProject section */
		F3B4641D2723194100DF4DB3 /* Project object */ = {
			isa = PBXProject;
			attributes = {
				BuildIndependentTargetsInParallel = 1;
				LastUpgradeCheck = 1300;
				TargetAttributes = {
					F3B464242723194100DF4DB3 = {
						CreatedOnToolsVersion = 13.0;
						LastSwiftMigration = 1300;
					};
					F3B4644A2724637100DF4DB3 = {
						CreatedOnToolsVersion = 13.0;
					};
				};
			};
			buildConfigurationList = F3B464202723194100DF4DB3 /* Build configuration list for PBXProject "App" */;
			compatibilityVersion = "Xcode 13.0";
			developmentRegion = en;
			hasScannedForEncodings = 0;
			knownRegions = (
				en,
				Base,
			);
			mainGroup = F3B4641C2723194100DF4DB3;
			productRefGroup = F3B464262723194100DF4DB3 /* Products */;
			projectDirPath = "";
			projectRoot = "";
			targets = (
				F3B464242723194100DF4DB3 /* App */,
				F3B4644A2724637100DF4DB3 /* AppNotificationServiceExtension */,
			);
		};
/* End PBXProject section */

/* Begin PBXResourcesBuildPhase section */
		F3B464232723194100DF4DB3 /* Resources */ = {
			isa = PBXResourcesBuildPhase;
			buildActionMask = 2147483647;
			files = (
				F3B464382723194300DF4DB3 /* LaunchScreen.storyboard in Resources */,
				F3B464352723194300DF4DB3 /* Assets.xcassets in Resources */,
				F3B464332723194100DF4DB3 /* Main.storyboard in Resources */,
			);
			runOnlyForDeploymentPostprocessing = 0;
		};
		F3B464492724637100DF4DB3 /* Resources */ = {
			isa = PBXResourcesBuildPhase;
			buildActionMask = 2147483647;
			files = (
			);
			runOnlyForDeploymentPostprocessing = 0;
		};
/* End PBXResourcesBuildPhase section */

/* Begin PBXShellScriptBuildPhase section */
		16AEE8F2F09C94C930E142C7 /* [CP] Check Pods Manifest.lock */ = {
			isa = PBXShellScriptBuildPhase;
			buildActionMask = 2147483647;
			files = (
			);
			inputFileListPaths = (
			);
			inputPaths = (
				"${PODS_PODFILE_DIR_PATH}/Podfile.lock",
				"${PODS_ROOT}/Manifest.lock",
			);
			name = "[CP] Check Pods Manifest.lock";
			outputFileListPaths = (
			);
			outputPaths = (
				"$(DERIVED_FILE_DIR)/Pods-App-checkManifestLockResult.txt",
			);
			runOnlyForDeploymentPostprocessing = 0;
			shellPath = /bin/sh;
			shellScript = "diff \"${PODS_PODFILE_DIR_PATH}/Podfile.lock\" \"${PODS_ROOT}/Manifest.lock\" > /dev/null\nif [ $? != 0 ] ; then\n    # print error to STDERR\n    echo \"error: The sandbox is not in sync with the Podfile.lock. Run 'pod install' or update your CocoaPods installation.\" >&2\n    exit 1\nfi\n# This output is used by Xcode 'outputs' to avoid re-running this script phase.\necho \"SUCCESS\" > \"${SCRIPT_OUTPUT_FILE_0}\"\n";
			showEnvVarsInLog = 0;
		};
		3E6E85A0312799400B35AF63 /* [CP] Embed Pods Frameworks */ = {
			isa = PBXShellScriptBuildPhase;
			buildActionMask = 2147483647;
			files = (
			);
			inputFileListPaths = (
				"${PODS_ROOT}/Target Support Files/Pods-App/Pods-App-frameworks-${CONFIGURATION}-input-files.xcfilelist",
			);
			name = "[CP] Embed Pods Frameworks";
			outputFileListPaths = (
				"${PODS_ROOT}/Target Support Files/Pods-App/Pods-App-frameworks-${CONFIGURATION}-output-files.xcfilelist",
			);
			runOnlyForDeploymentPostprocessing = 0;
			shellPath = /bin/sh;
			shellScript = "\"${PODS_ROOT}/Target Support Files/Pods-App/Pods-App-frameworks.sh\"\n";
			showEnvVarsInLog = 0;
		};
/* End PBXShellScriptBuildPhase section */

/* Begin PBXSourcesBuildPhase section */
		F3B464212723194100DF4DB3 /* Sources */ = {
			isa = PBXSourcesBuildPhase;
			buildActionMask = 2147483647;
			files = (
				F3B464302723194100DF4DB3 /* ViewController.m in Sources */,
				F3B4642A2723194100DF4DB3 /* AppDelegate.m in Sources */,
				F3C4D34227246BC300C3BDB5 /* SwiftTest.swift in Sources */,
				F3B4643B2723194300DF4DB3 /* main.m in Sources */,
				F3B4642D2723194100DF4DB3 /* SceneDelegate.m in Sources */,
			);
			runOnlyForDeploymentPostprocessing = 0;
		};
		F3B464472724637100DF4DB3 /* Sources */ = {
			isa = PBXSourcesBuildPhase;
			buildActionMask = 2147483647;
			files = (
				F3B4644F2724637100DF4DB3 /* NotificationService.m in Sources */,
			);
			runOnlyForDeploymentPostprocessing = 0;
		};
/* End PBXSourcesBuildPhase section */

/* Begin PBXTargetDependency section */
		F3B464522724637100DF4DB3 /* PBXTargetDependency */ = {
			isa = PBXTargetDependency;
			target = F3B4644A2724637100DF4DB3 /* AppNotificationServiceExtension */;
			targetProxy = F3B464512724637100DF4DB3 /* PBXContainerItemProxy */;
		};
/* End PBXTargetDependency section */

/* Begin PBXVariantGroup section */
		F3B464312723194100DF4DB3 /* Main.storyboard */ = {
			isa = PBXVariantGroup;
			children = (
				F3B464322723194100DF4DB3 /* Base */,
			);
			name = Main.storyboard;
			sourceTree = "<group>";
		};
		F3B464362723194300DF4DB3 /* LaunchScreen.storyboard */ = {
			isa = PBXVariantGroup;
			children = (
				F3B464372723194300DF4DB3 /* Base */,
			);
			name = LaunchScreen.storyboard;
			sourceTree = "<group>";
		};
/* End PBXVariantGroup section */

/* Begin XCBuildConfiguration section */
		F3B4643C2723194300DF4DB3 /* Debug */ = {
			isa = XCBuildConfiguration;
			buildSettings = {
				ALWAYS_SEARCH_USER_PATHS = NO;
				CLANG_ANALYZER_NONNULL = YES;
				CLANG_ANALYZER_NUMBER_OBJECT_CONVERSION = YES_AGGRESSIVE;
				CLANG_CXX_LANGUAGE_STANDARD = "gnu++17";
				CLANG_CXX_LIBRARY = "libc++";
				CLANG_ENABLE_MODULES = YES;
				CLANG_ENABLE_OBJC_ARC = YES;
				CLANG_ENABLE_OBJC_WEAK = YES;
				CLANG_WARN_BLOCK_CAPTURE_AUTORELEASING = YES;
				CLANG_WARN_BOOL_CONVERSION = YES;
				CLANG_WARN_COMMA = YES;
				CLANG_WARN_CONSTANT_CONVERSION = YES;
				CLANG_WARN_DEPRECATED_OBJC_IMPLEMENTATIONS = YES;
				CLANG_WARN_DIRECT_OBJC_ISA_USAGE = YES_ERROR;
				CLANG_WARN_DOCUMENTATION_COMMENTS = YES;
				CLANG_WARN_EMPTY_BODY = YES;
				CLANG_WARN_ENUM_CONVERSION = YES;
				CLANG_WARN_INFINITE_RECURSION = YES;
				CLANG_WARN_INT_CONVERSION = YES;
				CLANG_WARN_NON_LITERAL_NULL_CONVERSION = YES;
				CLANG_WARN_OBJC_IMPLICIT_RETAIN_SELF = YES;
				CLANG_WARN_OBJC_LITERAL_CONVERSION = YES;
				CLANG_WARN_OBJC_ROOT_CLASS = YES_ERROR;
				CLANG_WARN_QUOTED_INCLUDE_IN_FRAMEWORK_HEADER = YES;
				CLANG_WARN_RANGE_LOOP_ANALYSIS = YES;
				CLANG_WARN_STRICT_PROTOTYPES = YES;
				CLANG_WARN_SUSPICIOUS_MOVE = YES;
				CLANG_WARN_UNGUARDED_AVAILABILITY = YES_AGGRESSIVE;
				CLANG_WARN_UNREACHABLE_CODE = YES;
				CLANG_WARN__DUPLICATE_METHOD_MATCH = YES;
				COPY_PHASE_STRIP = NO;
				DEBUG_INFORMATION_FORMAT = dwarf;
				ENABLE_STRICT_OBJC_MSGSEND = YES;
				ENABLE_TESTABILITY = YES;
				GCC_C_LANGUAGE_STANDARD = gnu11;
				GCC_DYNAMIC_NO_PIC = NO;
				GCC_NO_COMMON_BLOCKS = YES;
				GCC_OPTIMIZATION_LEVEL = 0;
				GCC_PREPROCESSOR_DEFINITIONS = (
					"DEBUG=1",
					"$(inherited)",
				);
				GCC_WARN_64_TO_32_BIT_CONVERSION = YES;
				GCC_WARN_ABOUT_RETURN_TYPE = YES_ERROR;
				GCC_WARN_UNDECLARED_SELECTOR = YES;
				GCC_WARN_UNINITIALIZED_AUTOS = YES_AGGRESSIVE;
				GCC_WARN_UNUSED_FUNCTION = YES;
				GCC_WARN_UNUSED_VARIABLE = YES;
				IPHONEOS_DEPLOYMENT_TARGET = 9.0;
				MTL_ENABLE_DEBUG_INFO = INCLUDE_SOURCE;
				MTL_FAST_MATH = YES;
				ONLY_ACTIVE_ARCH = YES;
				SDKROOT = iphoneos;
			};
			name = Debug;
		};
		F3B4643D2723194300DF4DB3 /* Release */ = {
			isa = XCBuildConfiguration;
			buildSettings = {
				ALWAYS_SEARCH_USER_PATHS = NO;
				CLANG_ANALYZER_NONNULL = YES;
				CLANG_ANALYZER_NUMBER_OBJECT_CONVERSION = YES_AGGRESSIVE;
				CLANG_CXX_LANGUAGE_STANDARD = "gnu++17";
				CLANG_CXX_LIBRARY = "libc++";
				CLANG_ENABLE_MODULES = YES;
				CLANG_ENABLE_OBJC_ARC = YES;
				CLANG_ENABLE_OBJC_WEAK = YES;
				CLANG_WARN_BLOCK_CAPTURE_AUTORELEASING = YES;
				CLANG_WARN_BOOL_CONVERSION = YES;
				CLANG_WARN_COMMA = YES;
				CLANG_WARN_CONSTANT_CONVERSION = YES;
				CLANG_WARN_DEPRECATED_OBJC_IMPLEMENTATIONS = YES;
				CLANG_WARN_DIRECT_OBJC_ISA_USAGE = YES_ERROR;
				CLANG_WARN_DOCUMENTATION_COMMENTS = YES;
				CLANG_WARN_EMPTY_BODY = YES;
				CLANG_WARN_ENUM_CONVERSION = YES;
				CLANG_WARN_INFINITE_RECURSION = YES;
				CLANG_WARN_INT_CONVERSION = YES;
				CLANG_WARN_NON_LITERAL_NULL_CONVERSION = YES;
				CLANG_WARN_OBJC_IMPLICIT_RETAIN_SELF = YES;
				CLANG_WARN_OBJC_LITERAL_CONVERSION = YES;
				CLANG_WARN_OBJC_ROOT_CLASS = YES_ERROR;
				CLANG_WARN_QUOTED_INCLUDE_IN_FRAMEWORK_HEADER = YES;
				CLANG_WARN_RANGE_LOOP_ANALYSIS = YES;
				CLANG_WARN_STRICT_PROTOTYPES = YES;
				CLANG_WARN_SUSPICIOUS_MOVE = YES;
				CLANG_WARN_UNGUARDED_AVAILABILITY = YES_AGGRESSIVE;
				CLANG_WARN_UNREACHABLE_CODE = YES;
				CLANG_WARN__DUPLICATE_METHOD_MATCH = YES;
				COPY_PHASE_STRIP = NO;
				DEBUG_INFORMATION_FORMAT = "dwarf-with-dsym";
				ENABLE_NS_ASSERTIONS = NO;
				ENABLE_STRICT_OBJC_MSGSEND = YES;
				GCC_C_LANGUAGE_STANDARD = gnu11;
				GCC_NO_COMMON_BLOCKS = YES;
				GCC_WARN_64_TO_32_BIT_CONVERSION = YES;
				GCC_WARN_ABOUT_RETURN_TYPE = YES_ERROR;
				GCC_WARN_UNDECLARED_SELECTOR = YES;
				GCC_WARN_UNINITIALIZED_AUTOS = YES_AGGRESSIVE;
				GCC_WARN_UNUSED_FUNCTION = YES;
				GCC_WARN_UNUSED_VARIABLE = YES;
				IPHONEOS_DEPLOYMENT_TARGET = 9.0;
				MTL_ENABLE_DEBUG_INFO = NO;
				MTL_FAST_MATH = YES;
				SDKROOT = iphoneos;
				VALIDATE_PRODUCT = YES;
			};
			name = Release;
		};
		F3B4643F2723194300DF4DB3 /* Debug */ = {
			isa = XCBuildConfiguration;
			baseConfigurationReference = 040E0F4CB1C61C964E980BC2 /* Pods-App.debug.xcconfig */;
			buildSettings = {
				ASSETCATALOG_COMPILER_APPICON_NAME = AppIcon;
				ASSETCATALOG_COMPILER_GLOBAL_ACCENT_COLOR_NAME = AccentColor;
				CLANG_ENABLE_MODULES = YES;
				CODE_SIGN_STYLE = Automatic;
				CURRENT_PROJECT_VERSION = 1;
				DEVELOPMENT_TEAM = 2N62934Y28;
				GENERATE_INFOPLIST_FILE = YES;
				INFOPLIST_FILE = App/Info.plist;
				INFOPLIST_KEY_UIApplicationSupportsIndirectInputEvents = YES;
				INFOPLIST_KEY_UILaunchStoryboardName = LaunchScreen;
				INFOPLIST_KEY_UIMainStoryboardFile = Main;
				INFOPLIST_KEY_UISupportedInterfaceOrientations_iPad = "UIInterfaceOrientationPortrait UIInterfaceOrientationPortraitUpsideDown UIInterfaceOrientationLandscapeLeft UIInterfaceOrientationLandscapeRight";
				INFOPLIST_KEY_UISupportedInterfaceOrientations_iPhone = "UIInterfaceOrientationPortrait UIInterfaceOrientationLandscapeLeft UIInterfaceOrientationLandscapeRight";
				LD_RUNPATH_SEARCH_PATHS = (
					"$(inherited)",
					"@executable_path/Frameworks",
				);
				MARKETING_VERSION = 1.0;
				OTHER_CFLAGS = (
					"$(inherited)",
					"-fsanitize-coverage=func,trace-pc-guard",
				);
				OTHER_SWIFT_FLAGS = "$(inherited) -sanitize-coverage=func,trace-pc-guard -sanitize=undefined";
				PRODUCT_BUNDLE_IDENTIFIER = com.joker.App;
				PRODUCT_NAME = "$(TARGET_NAME)";
				SWIFT_EMIT_LOC_STRINGS = YES;
				SWIFT_OBJC_BRIDGING_HEADER = "App/App-Bridging-Header.h";
				SWIFT_OPTIMIZATION_LEVEL = "-Onone";
				SWIFT_VERSION = 5.0;
				TARGETED_DEVICE_FAMILY = "1,2";
			};
			name = Debug;
		};
		F3B464402723194300DF4DB3 /* Release */ = {
			isa = XCBuildConfiguration;
			baseConfigurationReference = 2CF74204641600161316D6FA /* Pods-App.release.xcconfig */;
			buildSettings = {
				ASSETCATALOG_COMPILER_APPICON_NAME = AppIcon;
				ASSETCATALOG_COMPILER_GLOBAL_ACCENT_COLOR_NAME = AccentColor;
				CLANG_ENABLE_MODULES = YES;
				CODE_SIGN_STYLE = Automatic;
				CURRENT_PROJECT_VERSION = 1;
				DEVELOPMENT_TEAM = 2N62934Y28;
				GENERATE_INFOPLIST_FILE = YES;
				INFOPLIST_FILE = App/Info.plist;
				INFOPLIST_KEY_UIApplicationSupportsIndirectInputEvents = YES;
				INFOPLIST_KEY_UILaunchStoryboardName = LaunchScreen;
				INFOPLIST_KEY_UIMainStoryboardFile = Main;
				INFOPLIST_KEY_UISupportedInterfaceOrientations_iPad = "UIInterfaceOrientationPortrait UIInterfaceOrientationPortraitUpsideDown UIInterfaceOrientationLandscapeLeft UIInterfaceOrientationLandscapeRight";
				INFOPLIST_KEY_UISupportedInterfaceOrientations_iPhone = "UIInterfaceOrientationPortrait UIInterfaceOrientationLandscapeLeft UIInterfaceOrientationLandscapeRight";
				LD_RUNPATH_SEARCH_PATHS = (
					"$(inherited)",
					"@executable_path/Frameworks",
				);
				MARKETING_VERSION = 1.0;
				OTHER_CFLAGS = (
					"$(inherited)",
					"-fsanitize-coverage=func,trace-pc-guard",
				);
				OTHER_SWIFT_FLAGS = "$(inherited) -sanitize-coverage=func,trace-pc-guard -sanitize=undefined";
				PRODUCT_BUNDLE_IDENTIFIER = com.joker.App;
				PRODUCT_NAME = "$(TARGET_NAME)";
				SWIFT_EMIT_LOC_STRINGS = YES;
				SWIFT_OBJC_BRIDGING_HEADER = "App/App-Bridging-Header.h";
				SWIFT_VERSION = 5.0;
				TARGETED_DEVICE_FAMILY = "1,2";
			};
			name = Release;
		};
		F3B464552724637100DF4DB3 /* Debug */ = {
			isa = XCBuildConfiguration;
			buildSettings = {
				CODE_SIGN_STYLE = Automatic;
				CURRENT_PROJECT_VERSION = 1;
				DEVELOPMENT_TEAM = 2N62934Y28;
				GENERATE_INFOPLIST_FILE = YES;
				INFOPLIST_FILE = AppNotificationServiceExtension/Info.plist;
				INFOPLIST_KEY_CFBundleDisplayName = AppNotificationServiceExtension;
				INFOPLIST_KEY_NSHumanReadableCopyright = "";
				IPHONEOS_DEPLOYMENT_TARGET = 15.0;
				LD_RUNPATH_SEARCH_PATHS = (
					"$(inherited)",
					"@executable_path/Frameworks",
					"@executable_path/../../Frameworks",
				);
				MARKETING_VERSION = 1.0;
				PRODUCT_BUNDLE_IDENTIFIER = com.joker.App.AppNotificationServiceExtension;
				PRODUCT_NAME = "$(TARGET_NAME)";
				SKIP_INSTALL = YES;
				SWIFT_EMIT_LOC_STRINGS = YES;
				TARGETED_DEVICE_FAMILY = "1,2";
			};
			name = Debug;
		};
		F3B464562724637100DF4DB3 /* Release */ = {
			isa = XCBuildConfiguration;
			buildSettings = {
				CODE_SIGN_STYLE = Automatic;
				CURRENT_PROJECT_VERSION = 1;
				DEVELOPMENT_TEAM = 2N62934Y28;
				GENERATE_INFOPLIST_FILE = YES;
				INFOPLIST_FILE = AppNotificationServiceExtension/Info.plist;
				INFOPLIST_KEY_CFBundleDisplayName = AppNotificationServiceExtension;
				INFOPLIST_KEY_NSHumanReadableCopyright = "";
				IPHONEOS_DEPLOYMENT_TARGET = 15.0;
				LD_RUNPATH_SEARCH_PATHS = (
					"$(inherited)",
					"@executable_path/Frameworks",
					"@executable_path/../../Frameworks",
				);
				MARKETING_VERSION = 1.0;
				PRODUCT_BUNDLE_IDENTIFIER = com.joker.App.AppNotificationServiceExtension;
				PRODUCT_NAME = "$(TARGET_NAME)";
				SKIP_INSTALL = YES;
				SWIFT_EMIT_LOC_STRINGS = YES;
				TARGETED_DEVICE_FAMILY = "1,2";
			};
			name = Release;
		};
/* End XCBuildConfiguration section */

/* Begin XCConfigurationList section */
		F3B464202723194100DF4DB3 /* Build configuration list for PBXProject "App" */ = {
			isa = XCConfigurationList;
			buildConfigurations = (
				F3B4643C2723194300DF4DB3 /* Debug */,
				F3B4643D2723194300DF4DB3 /* Release */,
			);
			defaultConfigurationIsVisible = 0;
			defaultConfigurationName = Release;
		};
		F3B4643E2723194300DF4DB3 /* Build configuration list for PBXNativeTarget "App" */ = {
			isa = XCConfigurationList;
			buildConfigurations = (
				F3B4643F2723194300DF4DB3 /* Debug */,
				F3B464402723194300DF4DB3 /* Release */,
			);
			defaultConfigurationIsVisible = 0;
			defaultConfigurationName = Release;
		};
		F3B464572724637100DF4DB3 /* Build configuration list for PBXNativeTarget "AppNotificationServiceExtension" */ = {
			isa = XCConfigurationList;
			buildConfigurations = (
				F3B464552724637100DF4DB3 /* Debug */,
				F3B464562724637100DF4DB3 /* Release */,
			);
			defaultConfigurationIsVisible = 0;
			defaultConfigurationName = Release;
		};
/* End XCConfigurationList section */
	};
	rootObject = F3B4641D2723194100DF4DB3 /* Project object */;
}
